Microsoft Visual Studio Solution File, Format Version 12.00
# Visual Studio Version 17
VisualStudioVersion = 17.5.2.0
MinimumVisualStudioVersion = 10.0.40219.1
Project("{FAE04EC0-301F-11D3-BF4B-00C04F79EFBC}") = "Bai01", "Bai01.csproj", "{61161D2D-29E6-DEBA-C09B-06FADB9DFCC0}"
EndProject
Global
	GlobalSection(SolutionConfigurationPlatforms) = preSolution
		Debug|Any CPU = Debug|Any CPU
		Release|Any CPU = Release|Any CPU
	EndGlobalSection
	GlobalSection(ProjectConfigurationPlatforms) = postSolution
		{61161D2D-29E6-DEBA-C09B-06FADB9DFCC0}.Debug|Any CPU.ActiveCfg = Debug|Any CPU
		{61161D2D-29E6-DEBA-C09B-06FADB9DFCC0}.Debug|Any CPU.Build.0 = Debug|Any CPU
		{61161D2D-29E6-DEBA-C09B-06FADB9DFCC0}.Release|Any CPU.ActiveCfg = Release|Any CPU
		{61161D2D-29E6-DEBA-C09B-06FADB9DFCC0}.Release|Any CPU.Build.0 = Release|Any CPU
	EndGlobalSection
	GlobalSection(SolutionProperties) = preSolution
		HideSolutionNode = FALSE
	EndGlobalSection
	GlobalSection(ExtensibilityGlobals) = postSolution
		SolutionGuid = {9BE8AA7E-0B0D-429B-A3B6-50ADAB5A4B09}
	EndGlobalSection
EndGlobal
