Microsoft Visual Studio Solution File, Format Version 12.00
# Visual Studio Version 17
VisualStudioVersion = 17.5.2.0
MinimumVisualStudioVersion = 10.0.40219.1
Project("{2150E333-8FDC-42A3-9474-1A3956D46DE8}") = "Lab01", "Lab01", "{EE75C665-CF0B-E757-6772-FD49DA9E1E54}"
EndProject
Project("{2150E333-8FDC-42A3-9474-1A3956D46DE8}") = "Lab01_ver2", "Lab01_ver2", "{F24747C6-AE05-5EAA-2C07-9A6477F5B0A6}"
EndProject
Project("{2150E333-8FDC-42A3-9474-1A3956D46DE8}") = "Lab02", "Lab02", "{83D7B06C-2322-1709-3F29-21EDDA1CD299}"
EndProject
Project("{FAE04EC0-301F-11D3-BF4B-00C04F79EFBC}") = "Bai01", "Lab01\Bai01\Bai01.csproj", "{B7EAA95C-7876-785F-1D7C-AE6D34C8BCAD}"
EndProject
Project("{FAE04EC0-301F-11D3-BF4B-00C04F79EFBC}") = "Bai02", "Lab01\Bai02\Bai02.csproj", "{FC52DE4F-DE8F-FCC6-86D7-D0BF6FB4AECD}"
EndProject
Project("{FAE04EC0-301F-11D3-BF4B-00C04F79EFBC}") = "Bai03", "Lab01\Bai03\Bai03.csproj", "{6F970DC8-70E9-80D8-0B98-8846BBEB29A3}"
EndProject
Project("{FAE04EC0-301F-11D3-BF4B-00C04F79EFBC}") = "Bai04", "Lab01\Bai04\Bai04.csproj", "{FAEC3991-4534-C23C-79BF-6FD1925E3B92}"
EndProject
Project("{FAE04EC0-301F-11D3-BF4B-00C04F79EFBC}") = "Bai01", "Lab01_ver2\Bai01\Bai01.csproj", "{30711423-0F07-A3DC-ED61-5EDB377BC988}"
EndProject
Project("{FAE04EC0-301F-11D3-BF4B-00C04F79EFBC}") = "Bai01", "Lab02\Bai01\Bai01.csproj", "{735D5E59-FD0F-C7C5-37CF-75585EC2E0B5}"
EndProject
Global
	GlobalSection(SolutionConfigurationPlatforms) = preSolution
		Debug|Any CPU = Debug|Any CPU
		Release|Any CPU = Release|Any CPU
	EndGlobalSection
	GlobalSection(ProjectConfigurationPlatforms) = postSolution
		{B7EAA95C-7876-785F-1D7C-AE6D34C8BCAD}.Debug|Any CPU.ActiveCfg = Debug|Any CPU
		{B7EAA95C-7876-785F-1D7C-AE6D34C8BCAD}.Debug|Any CPU.Build.0 = Debug|Any CPU
		{B7EAA95C-7876-785F-1D7C-AE6D34C8BCAD}.Release|Any CPU.ActiveCfg = Release|Any CPU
		{B7EAA95C-7876-785F-1D7C-AE6D34C8BCAD}.Release|Any CPU.Build.0 = Release|Any CPU
		{FC52DE4F-DE8F-FCC6-86D7-D0BF6FB4AECD}.Debug|Any CPU.ActiveCfg = Debug|Any CPU
		{FC52DE4F-DE8F-FCC6-86D7-D0BF6FB4AECD}.Debug|Any CPU.Build.0 = Debug|Any CPU
		{FC52DE4F-DE8F-FCC6-86D7-D0BF6FB4AECD}.Release|Any CPU.ActiveCfg = Release|Any CPU
		{FC52DE4F-DE8F-FCC6-86D7-D0BF6FB4AECD}.Release|Any CPU.Build.0 = Release|Any CPU
		{6F970DC8-70E9-80D8-0B98-8846BBEB29A3}.Debug|Any CPU.ActiveCfg = Debug|Any CPU
		{6F970DC8-70E9-80D8-0B98-8846BBEB29A3}.Debug|Any CPU.Build.0 = Debug|Any CPU
		{6F970DC8-70E9-80D8-0B98-8846BBEB29A3}.Release|Any CPU.ActiveCfg = Release|Any CPU
		{6F970DC8-70E9-80D8-0B98-8846BBEB29A3}.Release|Any CPU.Build.0 = Release|Any CPU
		{FAEC3991-4534-C23C-79BF-6FD1925E3B92}.Debug|Any CPU.ActiveCfg = Debug|Any CPU
		{FAEC3991-4534-C23C-79BF-6FD1925E3B92}.Debug|Any CPU.Build.0 = Debug|Any CPU
		{FAEC3991-4534-C23C-79BF-6FD1925E3B92}.Release|Any CPU.ActiveCfg = Release|Any CPU
		{FAEC3991-4534-C23C-79BF-6FD1925E3B92}.Release|Any CPU.Build.0 = Release|Any CPU
		{30711423-0F07-A3DC-ED61-5EDB377BC988}.Debug|Any CPU.ActiveCfg = Debug|Any CPU
		{30711423-0F07-A3DC-ED61-5EDB377BC988}.Debug|Any CPU.Build.0 = Debug|Any CPU
		{30711423-0F07-A3DC-ED61-5EDB377BC988}.Release|Any CPU.ActiveCfg = Release|Any CPU
		{30711423-0F07-A3DC-ED61-5EDB377BC988}.Release|Any CPU.Build.0 = Release|Any CPU
		{735D5E59-FD0F-C7C5-37CF-75585EC2E0B5}.Debug|Any CPU.ActiveCfg = Debug|Any CPU
		{735D5E59-FD0F-C7C5-37CF-75585EC2E0B5}.Debug|Any CPU.Build.0 = Debug|Any CPU
		{735D5E59-FD0F-C7C5-37CF-75585EC2E0B5}.Release|Any CPU.ActiveCfg = Release|Any CPU
		{735D5E59-FD0F-C7C5-37CF-75585EC2E0B5}.Release|Any CPU.Build.0 = Release|Any CPU
	EndGlobalSection
	GlobalSection(SolutionProperties) = preSolution
		HideSolutionNode = FALSE
	EndGlobalSection
	GlobalSection(NestedProjects) = preSolution
		{B7EAA95C-7876-785F-1D7C-AE6D34C8BCAD} = {EE75C665-CF0B-E757-6772-FD49DA9E1E54}
		{FC52DE4F-DE8F-FCC6-86D7-D0BF6FB4AECD} = {EE75C665-CF0B-E757-6772-FD49DA9E1E54}
		{6F970DC8-70E9-80D8-0B98-8846BBEB29A3} = {EE75C665-CF0B-E757-6772-FD49DA9E1E54}
		{FAEC3991-4534-C23C-79BF-6FD1925E3B92} = {EE75C665-CF0B-E757-6772-FD49DA9E1E54}
		{30711423-0F07-A3DC-ED61-5EDB377BC988} = {F24747C6-AE05-5EAA-2C07-9A6477F5B0A6}
		{735D5E59-FD0F-C7C5-37CF-75585EC2E0B5} = {83D7B06C-2322-1709-3F29-21EDDA1CD299}
	EndGlobalSection
	GlobalSection(ExtensibilityGlobals) = postSolution
		SolutionGuid = {EE40BDA2-2073-4CB1-8C42-B7BCD5D72F24}
	EndGlobalSection
EndGlobal
